
Microsoft Visual Studio Solution File, Format Version 12.00
# Visual Studio 15
Project("{FAE04EC0-301F-11D3-BF4B-00C04F79EFBC}") = "Assembly-CSharp", "Assembly-CSharp.csproj", "{0159C9BB-9CE9-3C76-DBA4-A882A7B7FECE}"
EndProject
Project("{FAE04EC0-301F-11D3-BF4B-00C04F79EFBC}") = "OEBIF", "OEBIF.csproj", "{A231EA7E-C952-78F8-65B5-40B164708E13}"
EndProject
Project("{FAE04EC0-301F-11D3-BF4B-00C04F79EFBC}") = "Assembly-CSharp-firstpass", "Assembly-CSharp-firstpass.csproj", "{8BC2FE08-4AFA-4531-A625-D807C1B708A7}"
EndProject
Project("{FAE04EC0-301F-11D3-BF4B-00C04F79EFBC}") = "Assembly-CSharp-Editor", "Assembly-CSharp-Editor.csproj", "{D240A9E0-9994-C7C9-78AC-BF2AA7D8B990}"
EndProject
Global
	GlobalSection(SolutionConfigurationPlatforms) = preSolution
		Debug|Any CPU = Debug|Any CPU
		Release|Any CPU = Release|Any CPU
	EndGlobalSection
	GlobalSection(ProjectConfigurationPlatforms) = postSolution
		{0159C9BB-9CE9-3C76-DBA4-A882A7B7FECE}.Debug|Any CPU.ActiveCfg = Debug|Any CPU
		{0159C9BB-9CE9-3C76-DBA4-A882A7B7FECE}.Debug|Any CPU.Build.0 = Debug|Any CPU
		{0159C9BB-9CE9-3C76-DBA4-A882A7B7FECE}.Release|Any CPU.ActiveCfg = Release|Any CPU
		{0159C9BB-9CE9-3C76-DBA4-A882A7B7FECE}.Release|Any CPU.Build.0 = Release|Any CPU
		{A231EA7E-C952-78F8-65B5-40B164708E13}.Debug|Any CPU.ActiveCfg = Debug|Any CPU
		{A231EA7E-C952-78F8-65B5-40B164708E13}.Debug|Any CPU.Build.0 = Debug|Any CPU
		{A231EA7E-C952-78F8-65B5-40B164708E13}.Release|Any CPU.ActiveCfg = Release|Any CPU
		{A231EA7E-C952-78F8-65B5-40B164708E13}.Release|Any CPU.Build.0 = Release|Any CPU
		{8BC2FE08-4AFA-4531-A625-D807C1B708A7}.Debug|Any CPU.ActiveCfg = Debug|Any CPU
		{8BC2FE08-4AFA-4531-A625-D807C1B708A7}.Debug|Any CPU.Build.0 = Debug|Any CPU
		{8BC2FE08-4AFA-4531-A625-D807C1B708A7}.Release|Any CPU.ActiveCfg = Release|Any CPU
		{8BC2FE08-4AFA-4531-A625-D807C1B708A7}.Release|Any CPU.Build.0 = Release|Any CPU
		{D240A9E0-9994-C7C9-78AC-BF2AA7D8B990}.Debug|Any CPU.ActiveCfg = Debug|Any CPU
		{D240A9E0-9994-C7C9-78AC-BF2AA7D8B990}.Debug|Any CPU.Build.0 = Debug|Any CPU
		{D240A9E0-9994-C7C9-78AC-BF2AA7D8B990}.Release|Any CPU.ActiveCfg = Release|Any CPU
		{D240A9E0-9994-C7C9-78AC-BF2AA7D8B990}.Release|Any CPU.Build.0 = Release|Any CPU
	EndGlobalSection
	GlobalSection(SolutionProperties) = preSolution
		HideSolutionNode = FALSE
	EndGlobalSection
EndGlobal
